
Microsoft Visual Studio Solution File, Format Version 12.00
# Visual Studio 15
VisualStudioVersion = 15.0.26730.15
MinimumVisualStudioVersion = 10.0.40219.1
Project("{FAE04EC0-301F-11D3-BF4B-00C04F79EFBC}") = "HandyUtil", "HandyUtil.csproj", "{51BF21E9-8D4F-46AD-8DFB-43DFC42F3692}"
EndProject
Project("{FAE04EC0-301F-11D3-BF4B-00C04F79EFBC}") = "HandyUtilConsoleTest", "HandyUtilConsoleTest\HandyUtilConsoleTest.csproj", "{300B1470-968E-418A-9770-130D38BC548C}"
EndProject
Project("{FAE04EC0-301F-11D3-BF4B-00C04F79EFBC}") = "BlankShortcutsRecovery(N)", "..\BlankShortcutsRecovery\BlankShortcutsRecovery(N).csproj", "{C2B55F96-465E-431A-890F-292916CACCB4}"
EndProject
Project("{FAE04EC0-301F-11D3-BF4B-00C04F79EFBC}") = "WMI_CLASS_Monitor", "WMI_CLASS_Monitor\WMI_CLASS_Monitor.csproj", "{AAA97E37-BDA2-4E80-AFD3-C55ECF43246C}"
EndProject
Project("{2150E333-8FDC-42A3-9474-1A3956D46DE8}") = "Hardware", "Hardware", "{A88BEE75-EA40-4656-8683-A59D4C58BD09}"
EndProject
Project("{2150E333-8FDC-42A3-9474-1A3956D46DE8}") = "Windows", "Windows", "{9097542B-8730-46B0-A1A6-1E49B7C8ABC6}"
EndProject
Project("{FAE04EC0-301F-11D3-BF4B-00C04F79EFBC}") = "NoSleepHD", "NoSleepHD\NoSleepHD\NoSleepHD.csproj", "{3934D726-9DE9-4961-A6A8-74809D237179}"
EndProject
Project("{FAE04EC0-301F-11D3-BF4B-00C04F79EFBC}") = "PowerOnRegister", "PowerOnRegister\PowerOnRegister.csproj", "{B81A50A8-0F1C-4928-B2D6-430ED0796124}"
EndProject
Project("{2150E333-8FDC-42A3-9474-1A3956D46DE8}") = "Office", "Office", "{600F4B6F-0678-4952-B19B-839525D6C899}"
EndProject
Project("{FAE04EC0-301F-11D3-BF4B-00C04F79EFBC}") = "ChartByExcelData", "ChartByExcelData\ChartByExcelData.csproj", "{6B019A7E-2FF6-4CCE-8519-DBD132D8FFA3}"
EndProject
Project("{FAE04EC0-301F-11D3-BF4B-00C04F79EFBC}") = "ColorPicker", "ColorPicker\ColorPicker.csproj", "{B5916478-6AB5-42FF-91A9-A46B041AD6BC}"
EndProject
Project("{FAE04EC0-301F-11D3-BF4B-00C04F79EFBC}") = "Takout(N)", "Takout\Takout(N).csproj", "{841F7964-FF10-4523-8D36-35BE4463C218}"
EndProject
Project("{FAE04EC0-301F-11D3-BF4B-00C04F79EFBC}") = "VSTranslator", "VSTranslator\VSTranslator.csproj", "{BE0BF13A-C366-474F-AF02-107DC75124A3}"
EndProject
Project("{2150E333-8FDC-42A3-9474-1A3956D46DE8}") = "VSPlugin", "VSPlugin", "{A9A906AD-D60B-4CC9-97FF-24BF8B4FD37B}"
EndProject
Project("{FAE04EC0-301F-11D3-BF4B-00C04F79EFBC}") = "Calendar", "Calendar\Calendar.csproj", "{547B7A0A-FD61-4BAB-B2A8-045CD117A28A}"
EndProject
Global
	GlobalSection(SolutionConfigurationPlatforms) = preSolution
		Debug|Any CPU = Debug|Any CPU
		Release|Any CPU = Release|Any CPU
	EndGlobalSection
	GlobalSection(ProjectConfigurationPlatforms) = postSolution
		{51BF21E9-8D4F-46AD-8DFB-43DFC42F3692}.Debug|Any CPU.ActiveCfg = Debug|Any CPU
		{51BF21E9-8D4F-46AD-8DFB-43DFC42F3692}.Debug|Any CPU.Build.0 = Debug|Any CPU
		{51BF21E9-8D4F-46AD-8DFB-43DFC42F3692}.Release|Any CPU.ActiveCfg = Release|Any CPU
		{51BF21E9-8D4F-46AD-8DFB-43DFC42F3692}.Release|Any CPU.Build.0 = Release|Any CPU
		{300B1470-968E-418A-9770-130D38BC548C}.Debug|Any CPU.ActiveCfg = Debug|Any CPU
		{300B1470-968E-418A-9770-130D38BC548C}.Debug|Any CPU.Build.0 = Debug|Any CPU
		{300B1470-968E-418A-9770-130D38BC548C}.Release|Any CPU.ActiveCfg = Release|Any CPU
		{300B1470-968E-418A-9770-130D38BC548C}.Release|Any CPU.Build.0 = Release|Any CPU
		{C2B55F96-465E-431A-890F-292916CACCB4}.Debug|Any CPU.ActiveCfg = Debug|Any CPU
		{C2B55F96-465E-431A-890F-292916CACCB4}.Debug|Any CPU.Build.0 = Debug|Any CPU
		{C2B55F96-465E-431A-890F-292916CACCB4}.Release|Any CPU.ActiveCfg = Release|Any CPU
		{C2B55F96-465E-431A-890F-292916CACCB4}.Release|Any CPU.Build.0 = Release|Any CPU
		{AAA97E37-BDA2-4E80-AFD3-C55ECF43246C}.Debug|Any CPU.ActiveCfg = Debug|Any CPU
		{AAA97E37-BDA2-4E80-AFD3-C55ECF43246C}.Debug|Any CPU.Build.0 = Debug|Any CPU
		{AAA97E37-BDA2-4E80-AFD3-C55ECF43246C}.Release|Any CPU.ActiveCfg = Release|Any CPU
		{AAA97E37-BDA2-4E80-AFD3-C55ECF43246C}.Release|Any CPU.Build.0 = Release|Any CPU
		{3934D726-9DE9-4961-A6A8-74809D237179}.Debug|Any CPU.ActiveCfg = Debug|Any CPU
		{3934D726-9DE9-4961-A6A8-74809D237179}.Debug|Any CPU.Build.0 = Debug|Any CPU
		{3934D726-9DE9-4961-A6A8-74809D237179}.Release|Any CPU.ActiveCfg = Release|Any CPU
		{3934D726-9DE9-4961-A6A8-74809D237179}.Release|Any CPU.Build.0 = Release|Any CPU
		{B81A50A8-0F1C-4928-B2D6-430ED0796124}.Debug|Any CPU.ActiveCfg = Debug|Any CPU
		{B81A50A8-0F1C-4928-B2D6-430ED0796124}.Debug|Any CPU.Build.0 = Debug|Any CPU
		{B81A50A8-0F1C-4928-B2D6-430ED0796124}.Release|Any CPU.ActiveCfg = Release|Any CPU
		{B81A50A8-0F1C-4928-B2D6-430ED0796124}.Release|Any CPU.Build.0 = Release|Any CPU
		{6B019A7E-2FF6-4CCE-8519-DBD132D8FFA3}.Debug|Any CPU.ActiveCfg = Debug|Any CPU
		{6B019A7E-2FF6-4CCE-8519-DBD132D8FFA3}.Debug|Any CPU.Build.0 = Debug|Any CPU
		{6B019A7E-2FF6-4CCE-8519-DBD132D8FFA3}.Release|Any CPU.ActiveCfg = Release|Any CPU
		{6B019A7E-2FF6-4CCE-8519-DBD132D8FFA3}.Release|Any CPU.Build.0 = Release|Any CPU
		{B5916478-6AB5-42FF-91A9-A46B041AD6BC}.Debug|Any CPU.ActiveCfg = Debug|Any CPU
		{B5916478-6AB5-42FF-91A9-A46B041AD6BC}.Debug|Any CPU.Build.0 = Debug|Any CPU
		{B5916478-6AB5-42FF-91A9-A46B041AD6BC}.Release|Any CPU.ActiveCfg = Release|Any CPU
		{B5916478-6AB5-42FF-91A9-A46B041AD6BC}.Release|Any CPU.Build.0 = Release|Any CPU
		{841F7964-FF10-4523-8D36-35BE4463C218}.Debug|Any CPU.ActiveCfg = Debug|Any CPU
		{841F7964-FF10-4523-8D36-35BE4463C218}.Debug|Any CPU.Build.0 = Debug|Any CPU
		{841F7964-FF10-4523-8D36-35BE4463C218}.Release|Any CPU.ActiveCfg = Release|Any CPU
		{841F7964-FF10-4523-8D36-35BE4463C218}.Release|Any CPU.Build.0 = Release|Any CPU
		{BE0BF13A-C366-474F-AF02-107DC75124A3}.Debug|Any CPU.ActiveCfg = Debug|Any CPU
		{BE0BF13A-C366-474F-AF02-107DC75124A3}.Debug|Any CPU.Build.0 = Debug|Any CPU
		{BE0BF13A-C366-474F-AF02-107DC75124A3}.Release|Any CPU.ActiveCfg = Release|Any CPU
		{BE0BF13A-C366-474F-AF02-107DC75124A3}.Release|Any CPU.Build.0 = Release|Any CPU
		{547B7A0A-FD61-4BAB-B2A8-045CD117A28A}.Debug|Any CPU.ActiveCfg = Debug|Any CPU
		{547B7A0A-FD61-4BAB-B2A8-045CD117A28A}.Debug|Any CPU.Build.0 = Debug|Any CPU
		{547B7A0A-FD61-4BAB-B2A8-045CD117A28A}.Release|Any CPU.ActiveCfg = Release|Any CPU
		{547B7A0A-FD61-4BAB-B2A8-045CD117A28A}.Release|Any CPU.Build.0 = Release|Any CPU
	EndGlobalSection
	GlobalSection(SolutionProperties) = preSolution
		HideSolutionNode = FALSE
	EndGlobalSection
	GlobalSection(NestedProjects) = preSolution
		{C2B55F96-465E-431A-890F-292916CACCB4} = {9097542B-8730-46B0-A1A6-1E49B7C8ABC6}
		{AAA97E37-BDA2-4E80-AFD3-C55ECF43246C} = {A88BEE75-EA40-4656-8683-A59D4C58BD09}
		{A88BEE75-EA40-4656-8683-A59D4C58BD09} = {9097542B-8730-46B0-A1A6-1E49B7C8ABC6}
		{3934D726-9DE9-4961-A6A8-74809D237179} = {9097542B-8730-46B0-A1A6-1E49B7C8ABC6}
		{B81A50A8-0F1C-4928-B2D6-430ED0796124} = {9097542B-8730-46B0-A1A6-1E49B7C8ABC6}
		{600F4B6F-0678-4952-B19B-839525D6C899} = {9097542B-8730-46B0-A1A6-1E49B7C8ABC6}
		{6B019A7E-2FF6-4CCE-8519-DBD132D8FFA3} = {600F4B6F-0678-4952-B19B-839525D6C899}
		{B5916478-6AB5-42FF-91A9-A46B041AD6BC} = {9097542B-8730-46B0-A1A6-1E49B7C8ABC6}
		{841F7964-FF10-4523-8D36-35BE4463C218} = {9097542B-8730-46B0-A1A6-1E49B7C8ABC6}
		{BE0BF13A-C366-474F-AF02-107DC75124A3} = {A9A906AD-D60B-4CC9-97FF-24BF8B4FD37B}
		{547B7A0A-FD61-4BAB-B2A8-045CD117A28A} = {9097542B-8730-46B0-A1A6-1E49B7C8ABC6}
	EndGlobalSection
	GlobalSection(ExtensibilityGlobals) = postSolution
		VisualSVNWorkingCopyRoot = .
		SolutionGuid = {B345A626-6418-413A-9A2D-B674463CECB3}
	EndGlobalSection
EndGlobal
